
Microsoft Visual Studio Solution File, Format Version 12.00
# Visual Studio Version 17
VisualStudioVersion = 17.13.35825.156 d17.13
MinimumVisualStudioVersion = 10.0.40219.1
Project("{FAE04EC0-301F-11D3-BF4B-00C04F79EFBC}") = "ShradhaGeneralBookStore", "ShradhaGeneralBookStore\ShradhaGeneralBookStore.csproj", "{0A9FC8BF-CE79-4E25-9CCD-C2A7E788CBF0}"
EndProject
Global
	GlobalSection(SolutionConfigurationPlatforms) = preSolution
		Debug|Any CPU = Debug|Any CPU
		Release|Any CPU = Release|Any CPU
	EndGlobalSection
	GlobalSection(ProjectConfigurationPlatforms) = postSolution
		{0A9FC8BF-CE79-4E25-9CCD-C2A7E788CBF0}.Debug|Any CPU.ActiveCfg = Debug|Any CPU
		{0A9FC8BF-CE79-4E25-9CCD-C2A7E788CBF0}.Debug|Any CPU.Build.0 = Debug|Any CPU
		{0A9FC8BF-CE79-4E25-9CCD-C2A7E788CBF0}.Release|Any CPU.ActiveCfg = Release|Any CPU
		{0A9FC8BF-CE79-4E25-9CCD-C2A7E788CBF0}.Release|Any CPU.Build.0 = Release|Any CPU
	EndGlobalSection
	GlobalSection(SolutionProperties) = preSolution
		HideSolutionNode = FALSE
	EndGlobalSection
	GlobalSection(ExtensibilityGlobals) = postSolution
		SolutionGuid = {F4B6B27C-F833-4B21-908C-384FAD662404}
	EndGlobalSection
EndGlobal
